
Microsoft Visual Studio Solution File, Format Version 12.00
# Visual Studio Version 17
VisualStudioVersion = 17.5.33424.131
MinimumVisualStudioVersion = 10.0.40219.1
Project("{9A19103F-16F7-4668-BE54-9A1E7A4F7556}") = "TrainTrain.Web", "TrainTrain.Web\TrainTrain.Web.csproj", "{EAACC82F-0950-4A8E-AA1D-F3E0F1C6DB3C}"
EndProject
Project("{2150E333-8FDC-42A3-9474-1A3956D46DE8}") = "Fleet", "Fleet", "{A474287D-1C73-44B6-99EA-609E3E015762}"
EndProject
Project("{9A19103F-16F7-4668-BE54-9A1E7A4F7556}") = "Fleet.Web", "Fleet\Fleet.Web\Fleet.Web.csproj", "{6E79961E-8220-4A87-A597-CC8B507ABDD5}"
EndProject
Project("{2150E333-8FDC-42A3-9474-1A3956D46DE8}") = "Shared", "Shared", "{6F1B14F0-A0B9-4BFD-A0D3-D3BB63D9929A}"
EndProject
Project("{9A19103F-16F7-4668-BE54-9A1E7A4F7556}") = "Shared.Web", "Shared\Shared.Web\Shared.Web.csproj", "{66CF1962-6E7A-49D6-9E31-030EAA372496}"
EndProject
Project("{9A19103F-16F7-4668-BE54-9A1E7A4F7556}") = "Fleet.Web.Tests", "Fleet\Fleet.Web.Tests\Fleet.Web.Tests.csproj", "{4DBC10AE-02B2-4766-B55E-9DE2BCC891EC}"
EndProject
Project("{9A19103F-16F7-4668-BE54-9A1E7A4F7556}") = "Fleet.Infra", "Fleet\Fleet.Infra\Fleet.Infra.csproj", "{FA7377BA-D4DC-4712-BE73-8BB02F83EFE5}"
EndProject
Project("{FAE04EC0-301F-11D3-BF4B-00C04F79EFBC}") = "Fleet.Domain", "Fleet\Fleet.Domain\Fleet.Domain.csproj", "{AEEC9011-A53E-4B96-8A84-44C22AFA754B}"
EndProject
Global
	GlobalSection(SolutionConfigurationPlatforms) = preSolution
		Debug|Any CPU = Debug|Any CPU
		Release|Any CPU = Release|Any CPU
	EndGlobalSection
	GlobalSection(ProjectConfigurationPlatforms) = postSolution
		{EAACC82F-0950-4A8E-AA1D-F3E0F1C6DB3C}.Debug|Any CPU.ActiveCfg = Debug|Any CPU
		{EAACC82F-0950-4A8E-AA1D-F3E0F1C6DB3C}.Debug|Any CPU.Build.0 = Debug|Any CPU
		{EAACC82F-0950-4A8E-AA1D-F3E0F1C6DB3C}.Release|Any CPU.ActiveCfg = Release|Any CPU
		{EAACC82F-0950-4A8E-AA1D-F3E0F1C6DB3C}.Release|Any CPU.Build.0 = Release|Any CPU
		{6E79961E-8220-4A87-A597-CC8B507ABDD5}.Debug|Any CPU.ActiveCfg = Debug|Any CPU
		{6E79961E-8220-4A87-A597-CC8B507ABDD5}.Debug|Any CPU.Build.0 = Debug|Any CPU
		{6E79961E-8220-4A87-A597-CC8B507ABDD5}.Release|Any CPU.ActiveCfg = Release|Any CPU
		{6E79961E-8220-4A87-A597-CC8B507ABDD5}.Release|Any CPU.Build.0 = Release|Any CPU
		{66CF1962-6E7A-49D6-9E31-030EAA372496}.Debug|Any CPU.ActiveCfg = Debug|Any CPU
		{66CF1962-6E7A-49D6-9E31-030EAA372496}.Debug|Any CPU.Build.0 = Debug|Any CPU
		{66CF1962-6E7A-49D6-9E31-030EAA372496}.Release|Any CPU.ActiveCfg = Release|Any CPU
		{66CF1962-6E7A-49D6-9E31-030EAA372496}.Release|Any CPU.Build.0 = Release|Any CPU
		{4DBC10AE-02B2-4766-B55E-9DE2BCC891EC}.Debug|Any CPU.ActiveCfg = Debug|Any CPU
		{4DBC10AE-02B2-4766-B55E-9DE2BCC891EC}.Debug|Any CPU.Build.0 = Debug|Any CPU
		{4DBC10AE-02B2-4766-B55E-9DE2BCC891EC}.Release|Any CPU.ActiveCfg = Release|Any CPU
		{4DBC10AE-02B2-4766-B55E-9DE2BCC891EC}.Release|Any CPU.Build.0 = Release|Any CPU
		{FA7377BA-D4DC-4712-BE73-8BB02F83EFE5}.Debug|Any CPU.ActiveCfg = Debug|Any CPU
		{FA7377BA-D4DC-4712-BE73-8BB02F83EFE5}.Debug|Any CPU.Build.0 = Debug|Any CPU
		{FA7377BA-D4DC-4712-BE73-8BB02F83EFE5}.Release|Any CPU.ActiveCfg = Release|Any CPU
		{FA7377BA-D4DC-4712-BE73-8BB02F83EFE5}.Release|Any CPU.Build.0 = Release|Any CPU
		{AEEC9011-A53E-4B96-8A84-44C22AFA754B}.Debug|Any CPU.ActiveCfg = Debug|Any CPU
		{AEEC9011-A53E-4B96-8A84-44C22AFA754B}.Debug|Any CPU.Build.0 = Debug|Any CPU
		{AEEC9011-A53E-4B96-8A84-44C22AFA754B}.Release|Any CPU.ActiveCfg = Release|Any CPU
		{AEEC9011-A53E-4B96-8A84-44C22AFA754B}.Release|Any CPU.Build.0 = Release|Any CPU
	EndGlobalSection
	GlobalSection(SolutionProperties) = preSolution
		HideSolutionNode = FALSE
	EndGlobalSection
	GlobalSection(NestedProjects) = preSolution
		{6E79961E-8220-4A87-A597-CC8B507ABDD5} = {A474287D-1C73-44B6-99EA-609E3E015762}
		{66CF1962-6E7A-49D6-9E31-030EAA372496} = {6F1B14F0-A0B9-4BFD-A0D3-D3BB63D9929A}
		{4DBC10AE-02B2-4766-B55E-9DE2BCC891EC} = {A474287D-1C73-44B6-99EA-609E3E015762}
		{FA7377BA-D4DC-4712-BE73-8BB02F83EFE5} = {A474287D-1C73-44B6-99EA-609E3E015762}
		{AEEC9011-A53E-4B96-8A84-44C22AFA754B} = {A474287D-1C73-44B6-99EA-609E3E015762}
	EndGlobalSection
EndGlobal
